
Microsoft Visual Studio Solution File, Format Version 12.00
# Visual Studio 15
VisualStudioVersion = 15.0.28307.1169
MinimumVisualStudioVersion = 10.0.40219.1
Project("{FAE04EC0-301F-11D3-BF4B-00C04F79EFBC}") = "Calc", "Calc\Calc.csproj", "{CA0C0556-EA13-4098-9E50-F0470D4C7F87}"
EndProject
Project("{FAE04EC0-301F-11D3-BF4B-00C04F79EFBC}") = "UnitTestProject", "UnitTestProject\UnitTestProject.csproj", "{B53EF0D6-8083-42C7-B75B-CB6C80C87D1D}"
EndProject
Global
	GlobalSection(SolutionConfigurationPlatforms) = preSolution
		Debug|Any CPU = Debug|Any CPU
		Release|Any CPU = Release|Any CPU
	EndGlobalSection
	GlobalSection(ProjectConfigurationPlatforms) = postSolution
		{CA0C0556-EA13-4098-9E50-F0470D4C7F87}.Debug|Any CPU.ActiveCfg = Debug|Any CPU
		{CA0C0556-EA13-4098-9E50-F0470D4C7F87}.Debug|Any CPU.Build.0 = Debug|Any CPU
		{CA0C0556-EA13-4098-9E50-F0470D4C7F87}.Release|Any CPU.ActiveCfg = Release|Any CPU
		{CA0C0556-EA13-4098-9E50-F0470D4C7F87}.Release|Any CPU.Build.0 = Release|Any CPU
		{B53EF0D6-8083-42C7-B75B-CB6C80C87D1D}.Debug|Any CPU.ActiveCfg = Debug|Any CPU
		{B53EF0D6-8083-42C7-B75B-CB6C80C87D1D}.Debug|Any CPU.Build.0 = Debug|Any CPU
		{B53EF0D6-8083-42C7-B75B-CB6C80C87D1D}.Release|Any CPU.ActiveCfg = Release|Any CPU
		{B53EF0D6-8083-42C7-B75B-CB6C80C87D1D}.Release|Any CPU.Build.0 = Release|Any CPU
	EndGlobalSection
	GlobalSection(SolutionProperties) = preSolution
		HideSolutionNode = FALSE
	EndGlobalSection
	GlobalSection(ExtensibilityGlobals) = postSolution
		SolutionGuid = {7FA25DCF-DCA2-40A3-A144-586017719C5C}
	EndGlobalSection
EndGlobal
